
Microsoft Visual Studio Solution File, Format Version 12.00
# Visual Studio Version 16
VisualStudioVersion = 16.0.30011.22
MinimumVisualStudioVersion = 10.0.40219.1
Project("{FAE04EC0-301F-11D3-BF4B-00C04F79EFBC}") = "DB_erzeugen", "DB_erzeugen.csproj", "{CF2C3F6C-25A1-4757-B232-CAF5C86CC45F}"
EndProject
Global
	GlobalSection(SolutionConfigurationPlatforms) = preSolution
		Debug|x86 = Debug|x86
		Release|x86 = Release|x86
	EndGlobalSection
	GlobalSection(ProjectConfigurationPlatforms) = postSolution
		{CF2C3F6C-25A1-4757-B232-CAF5C86CC45F}.Debug|x86.ActiveCfg = Debug|x86
		{CF2C3F6C-25A1-4757-B232-CAF5C86CC45F}.Debug|x86.Build.0 = Debug|x86
		{CF2C3F6C-25A1-4757-B232-CAF5C86CC45F}.Release|x86.ActiveCfg = Release|x86
		{CF2C3F6C-25A1-4757-B232-CAF5C86CC45F}.Release|x86.Build.0 = Release|x86
	EndGlobalSection
	GlobalSection(SolutionProperties) = preSolution
		HideSolutionNode = FALSE
	EndGlobalSection
	GlobalSection(ExtensibilityGlobals) = postSolution
		SolutionGuid = {B771BFC8-E949-42B6-9837-2767971AEBAB}
	EndGlobalSection
EndGlobal
